
Microsoft Visual Studio Solution File, Format Version 12.00
# Visual Studio Version 17
VisualStudioVersion = 17.12.35323.107
MinimumVisualStudioVersion = 10.0.40219.1
Project("{FAE04EC0-301F-11D3-BF4B-00C04F79EFBC}") = "Jgrass.DIHelper", "Jgrass.DIHelper\Jgrass.DIHelper.csproj", "{1D993962-D269-4C17-BFCA-7614208B1848}"
EndProject
Project("{FAE04EC0-301F-11D3-BF4B-00C04F79EFBC}") = "Jgrass.DIHelper.Sample", "Jgrass.DIHelper.Sample\Jgrass.DIHelper.Sample.csproj", "{EC4744C2-1FD1-48EE-B8B7-43E37DA2F630}"
EndProject
Global
	GlobalSection(SolutionConfigurationPlatforms) = preSolution
		Debug|Any CPU = Debug|Any CPU
		Release|Any CPU = Release|Any CPU
	EndGlobalSection
	GlobalSection(ProjectConfigurationPlatforms) = postSolution
		{1D993962-D269-4C17-BFCA-7614208B1848}.Debug|Any CPU.ActiveCfg = Debug|Any CPU
		{1D993962-D269-4C17-BFCA-7614208B1848}.Debug|Any CPU.Build.0 = Debug|Any CPU
		{1D993962-D269-4C17-BFCA-7614208B1848}.Release|Any CPU.ActiveCfg = Release|Any CPU
		{1D993962-D269-4C17-BFCA-7614208B1848}.Release|Any CPU.Build.0 = Release|Any CPU
		{EC4744C2-1FD1-48EE-B8B7-43E37DA2F630}.Debug|Any CPU.ActiveCfg = Debug|Any CPU
		{EC4744C2-1FD1-48EE-B8B7-43E37DA2F630}.Debug|Any CPU.Build.0 = Debug|Any CPU
		{EC4744C2-1FD1-48EE-B8B7-43E37DA2F630}.Release|Any CPU.ActiveCfg = Release|Any CPU
		{EC4744C2-1FD1-48EE-B8B7-43E37DA2F630}.Release|Any CPU.Build.0 = Release|Any CPU
	EndGlobalSection
	GlobalSection(SolutionProperties) = preSolution
		HideSolutionNode = FALSE
	EndGlobalSection
	GlobalSection(ExtensibilityGlobals) = postSolution
		SolutionGuid = {2ED654C0-082F-4E43-AC1B-2DAA6819D725}
	EndGlobalSection
EndGlobal
